
Microsoft Visual Studio Solution File, Format Version 12.00
# Visual Studio Version 17
VisualStudioVersion = 17.10.35013.160
MinimumVisualStudioVersion = 10.0.40219.1
Project("{FAE04EC0-301F-11D3-BF4B-00C04F79EFBC}") = "Formstest003_control", "Formstest003_control\Formstest003_control.csproj", "{FAB08F5A-DCA4-4224-A792-DF041A56F239}"
EndProject
Global
	GlobalSection(SolutionConfigurationPlatforms) = preSolution
		Debug|Any CPU = Debug|Any CPU
		Release|Any CPU = Release|Any CPU
	EndGlobalSection
	GlobalSection(ProjectConfigurationPlatforms) = postSolution
		{FAB08F5A-DCA4-4224-A792-DF041A56F239}.Debug|Any CPU.ActiveCfg = Debug|Any CPU
		{FAB08F5A-DCA4-4224-A792-DF041A56F239}.Debug|Any CPU.Build.0 = Debug|Any CPU
		{FAB08F5A-DCA4-4224-A792-DF041A56F239}.Release|Any CPU.ActiveCfg = Release|Any CPU
		{FAB08F5A-DCA4-4224-A792-DF041A56F239}.Release|Any CPU.Build.0 = Release|Any CPU
	EndGlobalSection
	GlobalSection(SolutionProperties) = preSolution
		HideSolutionNode = FALSE
	EndGlobalSection
	GlobalSection(ExtensibilityGlobals) = postSolution
		SolutionGuid = {5D997045-F411-45C6-ABC4-CB506E912011}
	EndGlobalSection
EndGlobal
